
Microsoft Visual Studio Solution File, Format Version 12.00
# Visual Studio 15
VisualStudioVersion = 15.0.28307.106
MinimumVisualStudioVersion = 10.0.40219.1
Project("{9A19103F-16F7-4668-BE54-9A1E7A4F7556}") = "Reminder.Storage.Core", "..\Reminder.Storage\Reminder.Storage.Core\Reminder.Storage.Core.csproj", "{24734994-B043-413A-8E08-D324EC48F6E4}"
EndProject
Project("{9A19103F-16F7-4668-BE54-9A1E7A4F7556}") = "Reminder.Storage.WebApi.Core", "..\Reminder.Storage\Reminder.Storage.WebApi.Core\Reminder.Storage.WebApi.Core.csproj", "{0583404D-7D60-4717-985E-72FC16F8579F}"
EndProject
Project("{9A19103F-16F7-4668-BE54-9A1E7A4F7556}") = "Reminder.Storage.WebApi.Client", "..\Reminder.Storage\Reminder.Storage.WebApi.Client\Reminder.Storage.WebApi.Client.csproj", "{1C798E54-AF7C-4D77-9666-C183393A827E}"
EndProject
Project("{9A19103F-16F7-4668-BE54-9A1E7A4F7556}") = "Test.WebApi.Client.App", "Test.WebApi.Client.App\Test.WebApi.Client.App.csproj", "{FC3293F1-A585-478C-856D-76FB171DC52E}"
EndProject
Project("{9A19103F-16F7-4668-BE54-9A1E7A4F7556}") = "Reminder.App", "Reminder.App\Reminder.App.csproj", "{996AE2DB-5140-4346-9D50-3FF24F966EA1}"
EndProject
Project("{9A19103F-16F7-4668-BE54-9A1E7A4F7556}") = "Reminder.Domain", "Reminder.Domain\Reminder.Domain.csproj", "{D081E645-E9EB-4EEC-8B54-85CCCAB40650}"
EndProject
Project("{9A19103F-16F7-4668-BE54-9A1E7A4F7556}") = "Reminder.Domain.Tests", "Reminder.Domain.Tests\Reminder.Domain.Tests.csproj", "{2E9982C5-20A5-4F98-997D-18E740E489D5}"
EndProject
Project("{9A19103F-16F7-4668-BE54-9A1E7A4F7556}") = "Reminder.Parsing", "Reminder.Parsing\Reminder.Parsing.csproj", "{D04F710B-5636-4B68-AEDC-A61E4E22D5B9}"
EndProject
Project("{9A19103F-16F7-4668-BE54-9A1E7A4F7556}") = "Reminder.Parsing.Tests", "Reminder.Parsing.Tests\Reminder.Parsing.Tests.csproj", "{B3F0961C-BF8A-4E02-9D29-FD857E0296E5}"
EndProject
Project("{9A19103F-16F7-4668-BE54-9A1E7A4F7556}") = "Reminder.Receiver.Core", "Reminder.Receiver.Core\Reminder.Receiver.Core.csproj", "{4E9213CF-74DB-4BAA-90C3-98D0BE031069}"
EndProject
Project("{9A19103F-16F7-4668-BE54-9A1E7A4F7556}") = "Reminder.Receiver.Telegram", "Reminder.Receiver.Telegram\Reminder.Receiver.Telegram.csproj", "{3B5B5DE5-AB15-4B36-BF87-9B04917E2C62}"
EndProject
Project("{9A19103F-16F7-4668-BE54-9A1E7A4F7556}") = "Reminder.Receiver.Telegram.Tests", "Reminder.Receiver.Telegram.Tests\Reminder.Receiver.Telegram.Tests.csproj", "{518F7CB1-C67D-4789-85A9-6990AC706D5D}"
EndProject
Project("{9A19103F-16F7-4668-BE54-9A1E7A4F7556}") = "Reminder.Sender.Core", "Reminder.Sender.Core\Reminder.Sender.Core.csproj", "{5356DFA3-C1F5-48DD-AF9D-57A5914BDFD3}"
EndProject
Project("{9A19103F-16F7-4668-BE54-9A1E7A4F7556}") = "Reminder.Sender.Telegram", "Reminder.Sender.Telegram\Reminder.Sender.Telegram.csproj", "{2FBBD85A-8558-4B40-B57D-2918C00AE849}"
EndProject
Global
	GlobalSection(SolutionConfigurationPlatforms) = preSolution
		Debug|Any CPU = Debug|Any CPU
		Release|Any CPU = Release|Any CPU
	EndGlobalSection
	GlobalSection(ProjectConfigurationPlatforms) = postSolution
		{24734994-B043-413A-8E08-D324EC48F6E4}.Debug|Any CPU.ActiveCfg = Debug|Any CPU
		{24734994-B043-413A-8E08-D324EC48F6E4}.Debug|Any CPU.Build.0 = Debug|Any CPU
		{24734994-B043-413A-8E08-D324EC48F6E4}.Release|Any CPU.ActiveCfg = Release|Any CPU
		{24734994-B043-413A-8E08-D324EC48F6E4}.Release|Any CPU.Build.0 = Release|Any CPU
		{0583404D-7D60-4717-985E-72FC16F8579F}.Debug|Any CPU.ActiveCfg = Debug|Any CPU
		{0583404D-7D60-4717-985E-72FC16F8579F}.Debug|Any CPU.Build.0 = Debug|Any CPU
		{0583404D-7D60-4717-985E-72FC16F8579F}.Release|Any CPU.ActiveCfg = Release|Any CPU
		{0583404D-7D60-4717-985E-72FC16F8579F}.Release|Any CPU.Build.0 = Release|Any CPU
		{1C798E54-AF7C-4D77-9666-C183393A827E}.Debug|Any CPU.ActiveCfg = Debug|Any CPU
		{1C798E54-AF7C-4D77-9666-C183393A827E}.Debug|Any CPU.Build.0 = Debug|Any CPU
		{1C798E54-AF7C-4D77-9666-C183393A827E}.Release|Any CPU.ActiveCfg = Release|Any CPU
		{1C798E54-AF7C-4D77-9666-C183393A827E}.Release|Any CPU.Build.0 = Release|Any CPU
		{FC3293F1-A585-478C-856D-76FB171DC52E}.Debug|Any CPU.ActiveCfg = Debug|Any CPU
		{FC3293F1-A585-478C-856D-76FB171DC52E}.Debug|Any CPU.Build.0 = Debug|Any CPU
		{FC3293F1-A585-478C-856D-76FB171DC52E}.Release|Any CPU.ActiveCfg = Release|Any CPU
		{FC3293F1-A585-478C-856D-76FB171DC52E}.Release|Any CPU.Build.0 = Release|Any CPU
		{996AE2DB-5140-4346-9D50-3FF24F966EA1}.Debug|Any CPU.ActiveCfg = Debug|Any CPU
		{996AE2DB-5140-4346-9D50-3FF24F966EA1}.Debug|Any CPU.Build.0 = Debug|Any CPU
		{996AE2DB-5140-4346-9D50-3FF24F966EA1}.Release|Any CPU.ActiveCfg = Release|Any CPU
		{996AE2DB-5140-4346-9D50-3FF24F966EA1}.Release|Any CPU.Build.0 = Release|Any CPU
		{D081E645-E9EB-4EEC-8B54-85CCCAB40650}.Debug|Any CPU.ActiveCfg = Debug|Any CPU
		{D081E645-E9EB-4EEC-8B54-85CCCAB40650}.Debug|Any CPU.Build.0 = Debug|Any CPU
		{D081E645-E9EB-4EEC-8B54-85CCCAB40650}.Release|Any CPU.ActiveCfg = Release|Any CPU
		{D081E645-E9EB-4EEC-8B54-85CCCAB40650}.Release|Any CPU.Build.0 = Release|Any CPU
		{2E9982C5-20A5-4F98-997D-18E740E489D5}.Debug|Any CPU.ActiveCfg = Debug|Any CPU
		{2E9982C5-20A5-4F98-997D-18E740E489D5}.Debug|Any CPU.Build.0 = Debug|Any CPU
		{2E9982C5-20A5-4F98-997D-18E740E489D5}.Release|Any CPU.ActiveCfg = Release|Any CPU
		{2E9982C5-20A5-4F98-997D-18E740E489D5}.Release|Any CPU.Build.0 = Release|Any CPU
		{D04F710B-5636-4B68-AEDC-A61E4E22D5B9}.Debug|Any CPU.ActiveCfg = Debug|Any CPU
		{D04F710B-5636-4B68-AEDC-A61E4E22D5B9}.Debug|Any CPU.Build.0 = Debug|Any CPU
		{D04F710B-5636-4B68-AEDC-A61E4E22D5B9}.Release|Any CPU.ActiveCfg = Release|Any CPU
		{D04F710B-5636-4B68-AEDC-A61E4E22D5B9}.Release|Any CPU.Build.0 = Release|Any CPU
		{B3F0961C-BF8A-4E02-9D29-FD857E0296E5}.Debug|Any CPU.ActiveCfg = Debug|Any CPU
		{B3F0961C-BF8A-4E02-9D29-FD857E0296E5}.Debug|Any CPU.Build.0 = Debug|Any CPU
		{B3F0961C-BF8A-4E02-9D29-FD857E0296E5}.Release|Any CPU.ActiveCfg = Release|Any CPU
		{B3F0961C-BF8A-4E02-9D29-FD857E0296E5}.Release|Any CPU.Build.0 = Release|Any CPU
		{4E9213CF-74DB-4BAA-90C3-98D0BE031069}.Debug|Any CPU.ActiveCfg = Debug|Any CPU
		{4E9213CF-74DB-4BAA-90C3-98D0BE031069}.Debug|Any CPU.Build.0 = Debug|Any CPU
		{4E9213CF-74DB-4BAA-90C3-98D0BE031069}.Release|Any CPU.ActiveCfg = Release|Any CPU
		{4E9213CF-74DB-4BAA-90C3-98D0BE031069}.Release|Any CPU.Build.0 = Release|Any CPU
		{3B5B5DE5-AB15-4B36-BF87-9B04917E2C62}.Debug|Any CPU.ActiveCfg = Debug|Any CPU
		{3B5B5DE5-AB15-4B36-BF87-9B04917E2C62}.Debug|Any CPU.Build.0 = Debug|Any CPU
		{3B5B5DE5-AB15-4B36-BF87-9B04917E2C62}.Release|Any CPU.ActiveCfg = Release|Any CPU
		{3B5B5DE5-AB15-4B36-BF87-9B04917E2C62}.Release|Any CPU.Build.0 = Release|Any CPU
		{518F7CB1-C67D-4789-85A9-6990AC706D5D}.Debug|Any CPU.ActiveCfg = Debug|Any CPU
		{518F7CB1-C67D-4789-85A9-6990AC706D5D}.Debug|Any CPU.Build.0 = Debug|Any CPU
		{518F7CB1-C67D-4789-85A9-6990AC706D5D}.Release|Any CPU.ActiveCfg = Release|Any CPU
		{518F7CB1-C67D-4789-85A9-6990AC706D5D}.Release|Any CPU.Build.0 = Release|Any CPU
		{5356DFA3-C1F5-48DD-AF9D-57A5914BDFD3}.Debug|Any CPU.ActiveCfg = Debug|Any CPU
		{5356DFA3-C1F5-48DD-AF9D-57A5914BDFD3}.Debug|Any CPU.Build.0 = Debug|Any CPU
		{5356DFA3-C1F5-48DD-AF9D-57A5914BDFD3}.Release|Any CPU.ActiveCfg = Release|Any CPU
		{5356DFA3-C1F5-48DD-AF9D-57A5914BDFD3}.Release|Any CPU.Build.0 = Release|Any CPU
		{2FBBD85A-8558-4B40-B57D-2918C00AE849}.Debug|Any CPU.ActiveCfg = Debug|Any CPU
		{2FBBD85A-8558-4B40-B57D-2918C00AE849}.Debug|Any CPU.Build.0 = Debug|Any CPU
		{2FBBD85A-8558-4B40-B57D-2918C00AE849}.Release|Any CPU.ActiveCfg = Release|Any CPU
		{2FBBD85A-8558-4B40-B57D-2918C00AE849}.Release|Any CPU.Build.0 = Release|Any CPU
	EndGlobalSection
	GlobalSection(SolutionProperties) = preSolution
		HideSolutionNode = FALSE
	EndGlobalSection
	GlobalSection(ExtensibilityGlobals) = postSolution
		SolutionGuid = {0261AD6E-1FB7-44CE-8FCB-0A4FC7E0405E}
	EndGlobalSection
EndGlobal
